
Microsoft Visual Studio Solution File, Format Version 12.00
# Visual Studio Version 16
VisualStudioVersion = 16.0.35229.62
MinimumVisualStudioVersion = 10.0.40219.1
Project("{FAE04EC0-301F-11D3-BF4B-00C04F79EFBC}") = "3sem-lab2", "3sem-lab2.csproj", "{60F3403C-60DE-47D7-8A0F-12F6CB6AF4F9}"
EndProject
Global
	GlobalSection(SolutionConfigurationPlatforms) = preSolution
		Debug|Any CPU = Debug|Any CPU
		Release|Any CPU = Release|Any CPU
	EndGlobalSection
	GlobalSection(ProjectConfigurationPlatforms) = postSolution
		{60F3403C-60DE-47D7-8A0F-12F6CB6AF4F9}.Debug|Any CPU.ActiveCfg = Debug|Any CPU
		{60F3403C-60DE-47D7-8A0F-12F6CB6AF4F9}.Debug|Any CPU.Build.0 = Debug|Any CPU
		{60F3403C-60DE-47D7-8A0F-12F6CB6AF4F9}.Release|Any CPU.ActiveCfg = Release|Any CPU
		{60F3403C-60DE-47D7-8A0F-12F6CB6AF4F9}.Release|Any CPU.Build.0 = Release|Any CPU
	EndGlobalSection
	GlobalSection(SolutionProperties) = preSolution
		HideSolutionNode = FALSE
	EndGlobalSection
	GlobalSection(ExtensibilityGlobals) = postSolution
		SolutionGuid = {06CEF9C5-CED5-42DD-8B6F-DDA14B2DBAA8}
	EndGlobalSection
EndGlobal
